
Microsoft Visual Studio Solution File, Format Version 12.00
# Visual Studio Version 17
VisualStudioVersion = 17.7.34024.191
MinimumVisualStudioVersion = 10.0.40219.1
Project("{FAE04EC0-301F-11D3-BF4B-00C04F79EFBC}") = "Database", "Database\Database.csproj", "{30939ABE-3EB6-43A1-899E-22ED75DC5220}"
EndProject
Global
	GlobalSection(SolutionConfigurationPlatforms) = preSolution
		Debug|Any CPU = Debug|Any CPU
		Release|Any CPU = Release|Any CPU
	EndGlobalSection
	GlobalSection(ProjectConfigurationPlatforms) = postSolution
		{30939ABE-3EB6-43A1-899E-22ED75DC5220}.Debug|Any CPU.ActiveCfg = Debug|Any CPU
		{30939ABE-3EB6-43A1-899E-22ED75DC5220}.Debug|Any CPU.Build.0 = Debug|Any CPU
		{30939ABE-3EB6-43A1-899E-22ED75DC5220}.Release|Any CPU.ActiveCfg = Release|Any CPU
		{30939ABE-3EB6-43A1-899E-22ED75DC5220}.Release|Any CPU.Build.0 = Release|Any CPU
	EndGlobalSection
	GlobalSection(SolutionProperties) = preSolution
		HideSolutionNode = FALSE
	EndGlobalSection
	GlobalSection(ExtensibilityGlobals) = postSolution
		SolutionGuid = {AA927C71-AF19-4D66-8F60-163B7CE91A32}
	EndGlobalSection
EndGlobal
